// !$*UTF8*$!
{
	archiveVersion = 1;
	classes = {
	};
	objectVersion = 56;
	objects = {

/* Begin PBXBuildFile section */
		20CDE5D6BAC315408A7274A6 /* Pods_SecondHand.framework in Frameworks */ = {isa = PBXBuildFile; fileRef = 6AD8568FDDCC422CE5C5678E /* Pods_SecondHand.framework */; };
		63129C9A2A4145B00049EC0C /* LoginViewController.swift in Sources */ = {isa = PBXBuildFile; fileRef = 63129C992A4145B00049EC0C /* LoginViewController.swift */; };
		632047602A42F28F0035880A /* AccountInputView.swift in Sources */ = {isa = PBXBuildFile; fileRef = 6320475F2A42F28F0035880A /* AccountInputView.swift */; };
		6320476C2A440B290035880A /* LoginButtonGroupView.swift in Sources */ = {isa = PBXBuildFile; fileRef = 6320476B2A440B290035880A /* LoginButtonGroupView.swift */; };
		632047732A4411AC0035880A /* AccountButtonUIFactory.swift in Sources */ = {isa = PBXBuildFile; fileRef = 632047722A4411AC0035880A /* AccountButtonUIFactory.swift */; };
		632047772A4428B40035880A /* LoginButtonGroupView+addAction.swift in Sources */ = {isa = PBXBuildFile; fileRef = 632047762A4428B40035880A /* LoginButtonGroupView+addAction.swift */; };
		632807212A305CED0033F9D7 /* AppDelegate.swift in Sources */ = {isa = PBXBuildFile; fileRef = 632807202A305CED0033F9D7 /* AppDelegate.swift */; };
		632807232A305CED0033F9D7 /* SceneDelegate.swift in Sources */ = {isa = PBXBuildFile; fileRef = 632807222A305CED0033F9D7 /* SceneDelegate.swift */; };
		6328072A2A305CED0033F9D7 /* Assets.xcassets in Resources */ = {isa = PBXBuildFile; fileRef = 632807292A305CED0033F9D7 /* Assets.xcassets */; };
		6328072D2A305CED0033F9D7 /* LaunchScreen.storyboard in Resources */ = {isa = PBXBuildFile; fileRef = 6328072B2A305CED0033F9D7 /* LaunchScreen.storyboard */; };
		632807382A305CED0033F9D7 /* SecondHandTests.swift in Sources */ = {isa = PBXBuildFile; fileRef = 632807372A305CED0033F9D7 /* SecondHandTests.swift */; };
		632807422A305CEE0033F9D7 /* SecondHandUITests.swift in Sources */ = {isa = PBXBuildFile; fileRef = 632807412A305CEE0033F9D7 /* SecondHandUITests.swift */; };
		632807442A305CEE0033F9D7 /* SecondHandUITestsLaunchTests.swift in Sources */ = {isa = PBXBuildFile; fileRef = 632807432A305CEE0033F9D7 /* SecondHandUITestsLaunchTests.swift */; };
		632807512A316B790033F9D7 /* .swiftlint.yml in Resources */ = {isa = PBXBuildFile; fileRef = 632807502A316B790033F9D7 /* .swiftlint.yml */; };
		63608CBF2A4061E0006CD876 /* ProductInfo.swift in Sources */ = {isa = PBXBuildFile; fileRef = 63608CBE2A4061E0006CD876 /* ProductInfo.swift */; };
		63608CC62A407FB8006CD876 /* CommunicationInfo.swift in Sources */ = {isa = PBXBuildFile; fileRef = 63608CC52A407FB8006CD876 /* CommunicationInfo.swift */; };
		63608CC82A40D273006CD876 /* DetailToolbar.swift in Sources */ = {isa = PBXBuildFile; fileRef = 63608CC72A40D273006CD876 /* DetailToolbar.swift */; };
		63608CCA2A40DA46006CD876 /* UIFont+Typography.swift in Sources */ = {isa = PBXBuildFile; fileRef = 63608CC92A40DA45006CD876 /* UIFont+Typography.swift */; };
		63A3FCDE2A3740C800361FAD /* SellerInfo.swift in Sources */ = {isa = PBXBuildFile; fileRef = 63A3FCDD2A3740C800361FAD /* SellerInfo.swift */; };
		63A3FCE32A3968AC00361FAD /* DetailContentView.swift in Sources */ = {isa = PBXBuildFile; fileRef = 63A3FCE22A3968AC00361FAD /* DetailContentView.swift */; };
		63A3FCE92A3983C500361FAD /* DetailViewController.swift in Sources */ = {isa = PBXBuildFile; fileRef = 63A3FCE82A3983C500361FAD /* DetailViewController.swift */; };
		7E128F9628D9493610694937 /* Pods_SecondHand_SecondHandUITests.framework in Frameworks */ = {isa = PBXBuildFile; fileRef = E9FDD217DC55DCA3F4388260 /* Pods_SecondHand_SecondHandUITests.framework */; };
		95090E599FA61BCD7BC40DFC /* Pods_SecondHand_SecondHandTests.framework in Frameworks */ = {isa = PBXBuildFile; fileRef = 451958860C49C12C9BFA0461 /* Pods_SecondHand_SecondHandTests.framework */; };
		FF54649B2A407512008519A9 /* Network.swift in Sources */ = {isa = PBXBuildFile; fileRef = FF54649A2A407512008519A9 /* Network.swift */; };
		FF61AD272A36F24D006AE167 /* TabBarController.swift in Sources */ = {isa = PBXBuildFile; fileRef = FF61AD262A36F24D006AE167 /* TabBarController.swift */; };
		FF61AD292A36F294006AE167 /* ItemListViewController.swift in Sources */ = {isa = PBXBuildFile; fileRef = FF61AD282A36F294006AE167 /* ItemListViewController.swift */; };
		FF61AD2B2A36F2E1006AE167 /* TabBarType.swift in Sources */ = {isa = PBXBuildFile; fileRef = FF61AD2A2A36F2E1006AE167 /* TabBarType.swift */; };
		FF61AD2E2A36FB68006AE167 /* ItemListTableViewCell.swift in Sources */ = {isa = PBXBuildFile; fileRef = FF61AD2D2A36FB68006AE167 /* ItemListTableViewCell.swift */; };
		FF61AD4F2A3A9008006AE167 /* IssueListItem.swift in Sources */ = {isa = PBXBuildFile; fileRef = FF61AD4E2A3A9008006AE167 /* IssueListItem.swift */; };
		FF61AD602A3BE4D9006AE167 /* ColorPalette.swift in Sources */ = {isa = PBXBuildFile; fileRef = FF61AD5F2A3BE4D9006AE167 /* ColorPalette.swift */; };
		FFD62C212A3C1BBF0014D2D4 /* CapsuleLabel.swift in Sources */ = {isa = PBXBuildFile; fileRef = FFD62C1B2A3C1BBF0014D2D4 /* CapsuleLabel.swift */; };
		FFD62C222A3C1BBF0014D2D4 /* TimeLabel.swift in Sources */ = {isa = PBXBuildFile; fileRef = FFD62C1C2A3C1BBF0014D2D4 /* TimeLabel.swift */; };
		FFD62C232A3C1BBF0014D2D4 /* TitleLabel.swift in Sources */ = {isa = PBXBuildFile; fileRef = FFD62C1D2A3C1BBF0014D2D4 /* TitleLabel.swift */; };
		FFD62C242A3C1BBF0014D2D4 /* LocationLabel.swift in Sources */ = {isa = PBXBuildFile; fileRef = FFD62C1E2A3C1BBF0014D2D4 /* LocationLabel.swift */; };
		FFD62C252A3C1BBF0014D2D4 /* PriceLabel.swift in Sources */ = {isa = PBXBuildFile; fileRef = FFD62C1F2A3C1BBF0014D2D4 /* PriceLabel.swift */; };
		FFD62C262A3C1BBF0014D2D4 /* LeadingIconLabel.swift in Sources */ = {isa = PBXBuildFile; fileRef = FFD62C202A3C1BBF0014D2D4 /* LeadingIconLabel.swift */; };
		FFD62C2F2A3C1E260014D2D4 /* Typography.swift in Sources */ = {isa = PBXBuildFile; fileRef = FFD62C2E2A3C1E260014D2D4 /* Typography.swift */; };
/* End PBXBuildFile section */

/* Begin PBXContainerItemProxy section */
		630A7C082A3AE20300B96A7F /* PBXContainerItemProxy */ = {
			isa = PBXContainerItemProxy;
			containerPortal = 63A3FCC42A3709AA00361FAD /* Pods.xcodeproj */;
			proxyType = 2;
			remoteGlobalIDString = 9366FA8A958106E436A67E5F95B05832;
			remoteInfo = "Pods-SecondHand-SecondHandTests";
		};
		632807342A305CED0033F9D7 /* PBXContainerItemProxy */ = {
			isa = PBXContainerItemProxy;
			containerPortal = 632807152A305CED0033F9D7 /* Project object */;
			proxyType = 1;
			remoteGlobalIDString = 6328071C2A305CED0033F9D7;
			remoteInfo = SecondHand;
		};
		6328073E2A305CEE0033F9D7 /* PBXContainerItemProxy */ = {
			isa = PBXContainerItemProxy;
			containerPortal = 632807152A305CED0033F9D7 /* Project object */;
			proxyType = 1;
			remoteGlobalIDString = 6328071C2A305CED0033F9D7;
			remoteInfo = SecondHand;
		};
		63A3FCD52A373F6900361FAD /* PBXContainerItemProxy */ = {
			isa = PBXContainerItemProxy;
			containerPortal = 63A3FCC42A3709AA00361FAD /* Pods.xcodeproj */;
			proxyType = 2;
			remoteGlobalIDString = 8E8ECF0FA8AFEC63123F330E7C8E4482;
			remoteInfo = "Pods-SecondHand";
		};
		63A3FCD72A373F6900361FAD /* PBXContainerItemProxy */ = {
			isa = PBXContainerItemProxy;
			containerPortal = 63A3FCC42A3709AA00361FAD /* Pods.xcodeproj */;
			proxyType = 2;
			remoteGlobalIDString = 97CF8BA750BDC55E588555411959B28F;
			remoteInfo = "Pods-SecondHand-SecondHandUITests";
		};
		63A3FCDB2A373F6900361FAD /* PBXContainerItemProxy */ = {
			isa = PBXContainerItemProxy;
			containerPortal = 63A3FCC42A3709AA00361FAD /* Pods.xcodeproj */;
			proxyType = 2;
			remoteGlobalIDString = BD810337F4A305D60D9250A197AA1EF1;
			remoteInfo = Toaster;
		};
/* End PBXContainerItemProxy section */

/* Begin PBXFileReference section */
		11DB4CAF35C01E3C5CDB3B42 /* Pods-SecondHand.release.xcconfig */ = {isa = PBXFileReference; includeInIndex = 1; lastKnownFileType = text.xcconfig; name = "Pods-SecondHand.release.xcconfig"; path = "Target Support Files/Pods-SecondHand/Pods-SecondHand.release.xcconfig"; sourceTree = "<group>"; };
		15D03670B7FED72649C8C6CB /* Pods-SecondHand-SecondHandUITests.debug.xcconfig */ = {isa = PBXFileReference; includeInIndex = 1; lastKnownFileType = text.xcconfig; name = "Pods-SecondHand-SecondHandUITests.debug.xcconfig"; path = "Target Support Files/Pods-SecondHand-SecondHandUITests/Pods-SecondHand-SecondHandUITests.debug.xcconfig"; sourceTree = "<group>"; };
		41D33513EE98C550E16692F4 /* Pods-SecondHand-SecondHandUITests.release.xcconfig */ = {isa = PBXFileReference; includeInIndex = 1; lastKnownFileType = text.xcconfig; name = "Pods-SecondHand-SecondHandUITests.release.xcconfig"; path = "Target Support Files/Pods-SecondHand-SecondHandUITests/Pods-SecondHand-SecondHandUITests.release.xcconfig"; sourceTree = "<group>"; };
		451958860C49C12C9BFA0461 /* Pods_SecondHand_SecondHandTests.framework */ = {isa = PBXFileReference; explicitFileType = wrapper.framework; includeInIndex = 0; path = Pods_SecondHand_SecondHandTests.framework; sourceTree = BUILT_PRODUCTS_DIR; };
		5C080CDDECA0178F002D21F4 /* Pods-SecondHand-SecondHandTests.release.xcconfig */ = {isa = PBXFileReference; includeInIndex = 1; lastKnownFileType = text.xcconfig; name = "Pods-SecondHand-SecondHandTests.release.xcconfig"; path = "Target Support Files/Pods-SecondHand-SecondHandTests/Pods-SecondHand-SecondHandTests.release.xcconfig"; sourceTree = "<group>"; };
		63129C992A4145B00049EC0C /* LoginViewController.swift */ = {isa = PBXFileReference; lastKnownFileType = sourcecode.swift; path = LoginViewController.swift; sourceTree = "<group>"; };
		6320475F2A42F28F0035880A /* AccountInputView.swift */ = {isa = PBXFileReference; lastKnownFileType = sourcecode.swift; path = AccountInputView.swift; sourceTree = "<group>"; };
		6320476B2A440B290035880A /* LoginButtonGroupView.swift */ = {isa = PBXFileReference; lastKnownFileType = sourcecode.swift; path = LoginButtonGroupView.swift; sourceTree = "<group>"; };
		632047722A4411AC0035880A /* AccountButtonUIFactory.swift */ = {isa = PBXFileReference; lastKnownFileType = sourcecode.swift; path = AccountButtonUIFactory.swift; sourceTree = "<group>"; };
		632047762A4428B40035880A /* LoginButtonGroupView+addAction.swift */ = {isa = PBXFileReference; lastKnownFileType = sourcecode.swift; path = "LoginButtonGroupView+addAction.swift"; sourceTree = "<group>"; };
		6328071D2A305CED0033F9D7 /* SecondHand.app */ = {isa = PBXFileReference; explicitFileType = wrapper.application; includeInIndex = 0; path = SecondHand.app; sourceTree = BUILT_PRODUCTS_DIR; };
		632807202A305CED0033F9D7 /* AppDelegate.swift */ = {isa = PBXFileReference; lastKnownFileType = sourcecode.swift; path = AppDelegate.swift; sourceTree = "<group>"; };
		632807222A305CED0033F9D7 /* SceneDelegate.swift */ = {isa = PBXFileReference; lastKnownFileType = sourcecode.swift; path = SceneDelegate.swift; sourceTree = "<group>"; };
		632807292A305CED0033F9D7 /* Assets.xcassets */ = {isa = PBXFileReference; lastKnownFileType = folder.assetcatalog; path = Assets.xcassets; sourceTree = "<group>"; };
		6328072C2A305CED0033F9D7 /* Base */ = {isa = PBXFileReference; lastKnownFileType = file.storyboard; name = Base; path = Base.lproj/LaunchScreen.storyboard; sourceTree = "<group>"; };
		6328072E2A305CED0033F9D7 /* Info.plist */ = {isa = PBXFileReference; lastKnownFileType = text.plist.xml; path = Info.plist; sourceTree = "<group>"; };
		632807332A305CED0033F9D7 /* SecondHandTests.xctest */ = {isa = PBXFileReference; explicitFileType = wrapper.cfbundle; includeInIndex = 0; path = SecondHandTests.xctest; sourceTree = BUILT_PRODUCTS_DIR; };
		632807372A305CED0033F9D7 /* SecondHandTests.swift */ = {isa = PBXFileReference; lastKnownFileType = sourcecode.swift; path = SecondHandTests.swift; sourceTree = "<group>"; };
		6328073D2A305CEE0033F9D7 /* SecondHandUITests.xctest */ = {isa = PBXFileReference; explicitFileType = wrapper.cfbundle; includeInIndex = 0; path = SecondHandUITests.xctest; sourceTree = BUILT_PRODUCTS_DIR; };
		632807412A305CEE0033F9D7 /* SecondHandUITests.swift */ = {isa = PBXFileReference; lastKnownFileType = sourcecode.swift; path = SecondHandUITests.swift; sourceTree = "<group>"; };
		632807432A305CEE0033F9D7 /* SecondHandUITestsLaunchTests.swift */ = {isa = PBXFileReference; lastKnownFileType = sourcecode.swift; path = SecondHandUITestsLaunchTests.swift; sourceTree = "<group>"; };
		632807502A316B790033F9D7 /* .swiftlint.yml */ = {isa = PBXFileReference; lastKnownFileType = text.yaml; name = .swiftlint.yml; path = ../../iOS/SecondHand/.swiftlint.yml; sourceTree = "<group>"; };
		63608CBE2A4061E0006CD876 /* ProductInfo.swift */ = {isa = PBXFileReference; lastKnownFileType = sourcecode.swift; path = ProductInfo.swift; sourceTree = "<group>"; };
		63608CC52A407FB8006CD876 /* CommunicationInfo.swift */ = {isa = PBXFileReference; lastKnownFileType = sourcecode.swift; path = CommunicationInfo.swift; sourceTree = "<group>"; };
		63608CC72A40D273006CD876 /* DetailToolbar.swift */ = {isa = PBXFileReference; lastKnownFileType = sourcecode.swift; path = DetailToolbar.swift; sourceTree = "<group>"; };
		63608CC92A40DA45006CD876 /* UIFont+Typography.swift */ = {isa = PBXFileReference; lastKnownFileType = sourcecode.swift; path = "UIFont+Typography.swift"; sourceTree = "<group>"; };
		63A3FCC42A3709AA00361FAD /* Pods.xcodeproj */ = {isa = PBXFileReference; lastKnownFileType = "wrapper.pb-project"; path = Pods.xcodeproj; sourceTree = "<group>"; };
		63A3FCDD2A3740C800361FAD /* SellerInfo.swift */ = {isa = PBXFileReference; lastKnownFileType = sourcecode.swift; path = SellerInfo.swift; sourceTree = "<group>"; };
		63A3FCE22A3968AC00361FAD /* DetailContentView.swift */ = {isa = PBXFileReference; fileEncoding = 4; lastKnownFileType = sourcecode.swift; path = DetailContentView.swift; sourceTree = "<group>"; };
		63A3FCE82A3983C500361FAD /* DetailViewController.swift */ = {isa = PBXFileReference; lastKnownFileType = sourcecode.swift; path = DetailViewController.swift; sourceTree = "<group>"; };
		6AD8568FDDCC422CE5C5678E /* Pods_SecondHand.framework */ = {isa = PBXFileReference; explicitFileType = wrapper.framework; includeInIndex = 0; path = Pods_SecondHand.framework; sourceTree = BUILT_PRODUCTS_DIR; };
		7567B6A7854E9963539F795F /* Pods-SecondHandTests.release.xcconfig */ = {isa = PBXFileReference; includeInIndex = 1; lastKnownFileType = text.xcconfig; name = "Pods-SecondHandTests.release.xcconfig"; path = "Target Support Files/Pods-SecondHandTests/Pods-SecondHandTests.release.xcconfig"; sourceTree = "<group>"; };
		7BBC168B359196656872910D /* Pods-SecondHand-SecondHandTests.debug.xcconfig */ = {isa = PBXFileReference; includeInIndex = 1; lastKnownFileType = text.xcconfig; name = "Pods-SecondHand-SecondHandTests.debug.xcconfig"; path = "Target Support Files/Pods-SecondHand-SecondHandTests/Pods-SecondHand-SecondHandTests.debug.xcconfig"; sourceTree = "<group>"; };
		9E2202594970CBBCDCA83F02 /* Pods-SecondHand.debug.xcconfig */ = {isa = PBXFileReference; includeInIndex = 1; lastKnownFileType = text.xcconfig; name = "Pods-SecondHand.debug.xcconfig"; path = "Target Support Files/Pods-SecondHand/Pods-SecondHand.debug.xcconfig"; sourceTree = "<group>"; };
		DA87BA3AA26254FED025E5D9 /* Pods-SecondHandTests.debug.xcconfig */ = {isa = PBXFileReference; includeInIndex = 1; lastKnownFileType = text.xcconfig; name = "Pods-SecondHandTests.debug.xcconfig"; path = "Target Support Files/Pods-SecondHandTests/Pods-SecondHandTests.debug.xcconfig"; sourceTree = "<group>"; };
		E9FDD217DC55DCA3F4388260 /* Pods_SecondHand_SecondHandUITests.framework */ = {isa = PBXFileReference; explicitFileType = wrapper.framework; includeInIndex = 0; path = Pods_SecondHand_SecondHandUITests.framework; sourceTree = BUILT_PRODUCTS_DIR; };
		FF54649A2A407512008519A9 /* Network.swift */ = {isa = PBXFileReference; lastKnownFileType = sourcecode.swift; path = Network.swift; sourceTree = "<group>"; };
		FF61AD262A36F24D006AE167 /* TabBarController.swift */ = {isa = PBXFileReference; lastKnownFileType = sourcecode.swift; path = TabBarController.swift; sourceTree = "<group>"; };
		FF61AD282A36F294006AE167 /* ItemListViewController.swift */ = {isa = PBXFileReference; lastKnownFileType = sourcecode.swift; path = ItemListViewController.swift; sourceTree = "<group>"; };
		FF61AD2A2A36F2E1006AE167 /* TabBarType.swift */ = {isa = PBXFileReference; lastKnownFileType = sourcecode.swift; path = TabBarType.swift; sourceTree = "<group>"; };
		FF61AD2D2A36FB68006AE167 /* ItemListTableViewCell.swift */ = {isa = PBXFileReference; lastKnownFileType = sourcecode.swift; path = ItemListTableViewCell.swift; sourceTree = "<group>"; };
		FF61AD4E2A3A9008006AE167 /* IssueListItem.swift */ = {isa = PBXFileReference; lastKnownFileType = sourcecode.swift; path = IssueListItem.swift; sourceTree = "<group>"; };
		FF61AD5F2A3BE4D9006AE167 /* ColorPalette.swift */ = {isa = PBXFileReference; lastKnownFileType = sourcecode.swift; path = ColorPalette.swift; sourceTree = "<group>"; };
		FFD62C1B2A3C1BBF0014D2D4 /* CapsuleLabel.swift */ = {isa = PBXFileReference; fileEncoding = 4; lastKnownFileType = sourcecode.swift; path = CapsuleLabel.swift; sourceTree = "<group>"; };
		FFD62C1C2A3C1BBF0014D2D4 /* TimeLabel.swift */ = {isa = PBXFileReference; fileEncoding = 4; lastKnownFileType = sourcecode.swift; path = TimeLabel.swift; sourceTree = "<group>"; };
		FFD62C1D2A3C1BBF0014D2D4 /* TitleLabel.swift */ = {isa = PBXFileReference; fileEncoding = 4; lastKnownFileType = sourcecode.swift; path = TitleLabel.swift; sourceTree = "<group>"; };
		FFD62C1E2A3C1BBF0014D2D4 /* LocationLabel.swift */ = {isa = PBXFileReference; fileEncoding = 4; lastKnownFileType = sourcecode.swift; path = LocationLabel.swift; sourceTree = "<group>"; };
		FFD62C1F2A3C1BBF0014D2D4 /* PriceLabel.swift */ = {isa = PBXFileReference; fileEncoding = 4; lastKnownFileType = sourcecode.swift; path = PriceLabel.swift; sourceTree = "<group>"; };
		FFD62C202A3C1BBF0014D2D4 /* LeadingIconLabel.swift */ = {isa = PBXFileReference; fileEncoding = 4; lastKnownFileType = sourcecode.swift; path = LeadingIconLabel.swift; sourceTree = "<group>"; };
		FFD62C2E2A3C1E260014D2D4 /* Typography.swift */ = {isa = PBXFileReference; fileEncoding = 4; lastKnownFileType = sourcecode.swift; path = Typography.swift; sourceTree = "<group>"; };
/* End PBXFileReference section */

/* Begin PBXFrameworksBuildPhase section */
		6328071A2A305CED0033F9D7 /* Frameworks */ = {
			isa = PBXFrameworksBuildPhase;
			buildActionMask = 2147483647;
			files = (
				20CDE5D6BAC315408A7274A6 /* Pods_SecondHand.framework in Frameworks */,
			);
			runOnlyForDeploymentPostprocessing = 0;
		};
		632807302A305CED0033F9D7 /* Frameworks */ = {
			isa = PBXFrameworksBuildPhase;
			buildActionMask = 2147483647;
			files = (
				95090E599FA61BCD7BC40DFC /* Pods_SecondHand_SecondHandTests.framework in Frameworks */,
			);
			runOnlyForDeploymentPostprocessing = 0;
		};
		6328073A2A305CEE0033F9D7 /* Frameworks */ = {
			isa = PBXFrameworksBuildPhase;
			buildActionMask = 2147483647;
			files = (
				7E128F9628D9493610694937 /* Pods_SecondHand_SecondHandUITests.framework in Frameworks */,
			);
			runOnlyForDeploymentPostprocessing = 0;
		};
/* End PBXFrameworksBuildPhase section */

/* Begin PBXGroup section */
		528CC4C0BA5C1D24BB5C68A3 /* Frameworks */ = {
			isa = PBXGroup;
			children = (
				6AD8568FDDCC422CE5C5678E /* Pods_SecondHand.framework */,
				E9FDD217DC55DCA3F4388260 /* Pods_SecondHand_SecondHandUITests.framework */,
				451958860C49C12C9BFA0461 /* Pods_SecondHand_SecondHandTests.framework */,
			);
			name = Frameworks;
			sourceTree = "<group>";
		};
		63129C9B2A4145B70049EC0C /* Login */ = {
			isa = PBXGroup;
			children = (
				63129C992A4145B00049EC0C /* LoginViewController.swift */,
				632047782A4474880035880A /* UI */,
			);
			path = Login;
			sourceTree = "<group>";
		};
		632047782A4474880035880A /* UI */ = {
			isa = PBXGroup;
			children = (
				6320475F2A42F28F0035880A /* AccountInputView.swift */,
				6320476B2A440B290035880A /* LoginButtonGroupView.swift */,
				632047762A4428B40035880A /* LoginButtonGroupView+addAction.swift */,
			);
			path = UI;
			sourceTree = "<group>";
		};
		632807142A305CED0033F9D7 = {
			isa = PBXGroup;
			children = (
				632807502A316B790033F9D7 /* .swiftlint.yml */,
				6328071F2A305CED0033F9D7 /* SecondHand */,
				632807362A305CED0033F9D7 /* SecondHandTests */,
				632807402A305CEE0033F9D7 /* SecondHandUITests */,
				6328071E2A305CED0033F9D7 /* Products */,
				63A3FCC32A3709AA00361FAD /* Pods */,
				528CC4C0BA5C1D24BB5C68A3 /* Frameworks */,
			);
			sourceTree = "<group>";
		};
		6328071E2A305CED0033F9D7 /* Products */ = {
			isa = PBXGroup;
			children = (
				6328071D2A305CED0033F9D7 /* SecondHand.app */,
				632807332A305CED0033F9D7 /* SecondHandTests.xctest */,
				6328073D2A305CEE0033F9D7 /* SecondHandUITests.xctest */,
			);
			name = Products;
			sourceTree = "<group>";
		};
		6328071F2A305CED0033F9D7 /* SecondHand */ = {
			isa = PBXGroup;
			children = (
				6328072E2A305CED0033F9D7 /* Info.plist */,
				632807202A305CED0033F9D7 /* AppDelegate.swift */,
				632807222A305CED0033F9D7 /* SceneDelegate.swift */,
				63D98E882A45462D00DF467A /* Factory */,
				FFD62C2D2A3C1DFC0014D2D4 /* ShareComponent */,
				FF61AD2C2A36F956006AE167 /* Tabbar */,
				FF61AD312A36FC72006AE167 /* ItemList */,
				63F3EEB92A35D90500D81961 /* Detail */,
				63129C9B2A4145B70049EC0C /* Login */,
				632807292A305CED0033F9D7 /* Assets.xcassets */,
				6328072B2A305CED0033F9D7 /* LaunchScreen.storyboard */,
			);
			path = SecondHand;
			sourceTree = "<group>";
		};
		632807362A305CED0033F9D7 /* SecondHandTests */ = {
			isa = PBXGroup;
			children = (
				632807372A305CED0033F9D7 /* SecondHandTests.swift */,
			);
			path = SecondHandTests;
			sourceTree = "<group>";
		};
		632807402A305CEE0033F9D7 /* SecondHandUITests */ = {
			isa = PBXGroup;
			children = (
				632807412A305CEE0033F9D7 /* SecondHandUITests.swift */,
				632807432A305CEE0033F9D7 /* SecondHandUITestsLaunchTests.swift */,
			);
			path = SecondHandUITests;
			sourceTree = "<group>";
		};
		63608CCD2A40DD83006CD876 /* UI */ = {
			isa = PBXGroup;
			children = (
				63A3FCE22A3968AC00361FAD /* DetailContentView.swift */,
				63A3FCDD2A3740C800361FAD /* SellerInfo.swift */,
				63608CBE2A4061E0006CD876 /* ProductInfo.swift */,
				63608CC52A407FB8006CD876 /* CommunicationInfo.swift */,
				63608CC72A40D273006CD876 /* DetailToolbar.swift */,
			);
			path = UI;
			sourceTree = "<group>";
		};
		63A3FCC32A3709AA00361FAD /* Pods */ = {
			isa = PBXGroup;
			children = (
				63A3FCC42A3709AA00361FAD /* Pods.xcodeproj */,
				63A3FCC72A3709AA00361FAD /* Local Podspecs */,
				63A3FCC82A3709AA00361FAD /* Headers */,
				9E2202594970CBBCDCA83F02 /* Pods-SecondHand.debug.xcconfig */,
				11DB4CAF35C01E3C5CDB3B42 /* Pods-SecondHand.release.xcconfig */,
				15D03670B7FED72649C8C6CB /* Pods-SecondHand-SecondHandUITests.debug.xcconfig */,
				41D33513EE98C550E16692F4 /* Pods-SecondHand-SecondHandUITests.release.xcconfig */,
				DA87BA3AA26254FED025E5D9 /* Pods-SecondHandTests.debug.xcconfig */,
				7567B6A7854E9963539F795F /* Pods-SecondHandTests.release.xcconfig */,
				7BBC168B359196656872910D /* Pods-SecondHand-SecondHandTests.debug.xcconfig */,
				5C080CDDECA0178F002D21F4 /* Pods-SecondHand-SecondHandTests.release.xcconfig */,
			);
			path = Pods;
			sourceTree = "<group>";
		};
		63A3FCC52A3709AA00361FAD /* Products */ = {
			isa = PBXGroup;
			children = (
				63A3FCD62A373F6900361FAD /* Pods-SecondHand */,
				630A7C092A3AE20300B96A7F /* Pods-SecondHand-SecondHandTests */,
				63A3FCD82A373F6900361FAD /* Pods-SecondHand-SecondHandUITests */,
				63A3FCDC2A373F6900361FAD /* Toaster */,
			);
			name = Products;
			sourceTree = "<group>";
		};
		63A3FCC72A3709AA00361FAD /* Local Podspecs */ = {
			isa = PBXGroup;
			children = (
			);
			path = "Local Podspecs";
			sourceTree = "<group>";
		};
		63A3FCC82A3709AA00361FAD /* Headers */ = {
			isa = PBXGroup;
			children = (
			);
			path = Headers;
			sourceTree = "<group>";
		};
		63D98E882A45462D00DF467A /* Factory */ = {
			isa = PBXGroup;
			children = (
				632047722A4411AC0035880A /* AccountButtonUIFactory.swift */,
			);
			path = Factory;
			sourceTree = "<group>";
		};
		63F3EEB92A35D90500D81961 /* Detail */ = {
			isa = PBXGroup;
			children = (
				63A3FCE82A3983C500361FAD /* DetailViewController.swift */,
				63608CCD2A40DD83006CD876 /* UI */,
			);
			path = Detail;
			sourceTree = "<group>";
		};
		FF61AD2C2A36F956006AE167 /* Tabbar */ = {
			isa = PBXGroup;
			children = (
				FF61AD262A36F24D006AE167 /* TabBarController.swift */,
				FF61AD2A2A36F2E1006AE167 /* TabBarType.swift */,
			);
			path = Tabbar;
			sourceTree = "<group>";
		};
		FF61AD312A36FC72006AE167 /* ItemList */ = {
			isa = PBXGroup;
			children = (
				FF61AD282A36F294006AE167 /* ItemListViewController.swift */,
				FF54649A2A407512008519A9 /* Network.swift */,
				FF61AD2D2A36FB68006AE167 /* ItemListTableViewCell.swift */,
				FF61AD4E2A3A9008006AE167 /* IssueListItem.swift */,
				FFD62C0E2A3C1B770014D2D4 /* View */,
			);
			path = ItemList;
			sourceTree = "<group>";
		};
		FFD62C0E2A3C1B770014D2D4 /* View */ = {
			isa = PBXGroup;
			children = (
				FFD62C1B2A3C1BBF0014D2D4 /* CapsuleLabel.swift */,
				FFD62C202A3C1BBF0014D2D4 /* LeadingIconLabel.swift */,
				FFD62C1E2A3C1BBF0014D2D4 /* LocationLabel.swift */,
				FFD62C1F2A3C1BBF0014D2D4 /* PriceLabel.swift */,
				FFD62C1C2A3C1BBF0014D2D4 /* TimeLabel.swift */,
				FFD62C1D2A3C1BBF0014D2D4 /* TitleLabel.swift */,
			);
			path = View;
			sourceTree = "<group>";
		};
		FFD62C2D2A3C1DFC0014D2D4 /* ShareComponent */ = {
			isa = PBXGroup;
			children = (
				FFD62C2E2A3C1E260014D2D4 /* Typography.swift */,
				63608CC92A40DA45006CD876 /* UIFont+Typography.swift */,
				FF61AD5F2A3BE4D9006AE167 /* ColorPalette.swift */,
			);
			path = ShareComponent;
			sourceTree = "<group>";
		};
/* End PBXGroup section */

/* Begin PBXNativeTarget section */
		6328071C2A305CED0033F9D7 /* SecondHand */ = {
			isa = PBXNativeTarget;
			buildConfigurationList = 632807472A305CEE0033F9D7 /* Build configuration list for PBXNativeTarget "SecondHand" */;
			buildPhases = (
				9242B8C21F8878A3D84FE30C /* [CP] Check Pods Manifest.lock */,
				632807522A316BE80033F9D7 /* SwiftLint */,
				632807192A305CED0033F9D7 /* Sources */,
				6328071A2A305CED0033F9D7 /* Frameworks */,
				6328071B2A305CED0033F9D7 /* Resources */,
				42A8605971E2AC65979D09A0 /* [CP] Embed Pods Frameworks */,
			);
			buildRules = (
			);
			dependencies = (
			);
			name = SecondHand;
			productName = SecondHand;
			productReference = 6328071D2A305CED0033F9D7 /* SecondHand.app */;
			productType = "com.apple.product-type.application";
		};
		632807322A305CED0033F9D7 /* SecondHandTests */ = {
			isa = PBXNativeTarget;
			buildConfigurationList = 6328074A2A305CEE0033F9D7 /* Build configuration list for PBXNativeTarget "SecondHandTests" */;
			buildPhases = (
				72A7EB3A10D62F750627BA95 /* [CP] Check Pods Manifest.lock */,
				6328072F2A305CED0033F9D7 /* Sources */,
				632807302A305CED0033F9D7 /* Frameworks */,
				632807312A305CED0033F9D7 /* Resources */,
				F03622E2C404D76FE0EFACBF /* [CP] Embed Pods Frameworks */,
			);
			buildRules = (
			);
			dependencies = (
				632807352A305CED0033F9D7 /* PBXTargetDependency */,
			);
			name = SecondHandTests;
			productName = SecondHandTests;
			productReference = 632807332A305CED0033F9D7 /* SecondHandTests.xctest */;
			productType = "com.apple.product-type.bundle.unit-test";
		};
		6328073C2A305CEE0033F9D7 /* SecondHandUITests */ = {
			isa = PBXNativeTarget;
			buildConfigurationList = 6328074D2A305CEE0033F9D7 /* Build configuration list for PBXNativeTarget "SecondHandUITests" */;
			buildPhases = (
				A9D3F7433769DD757E0651E0 /* [CP] Check Pods Manifest.lock */,
				632807392A305CEE0033F9D7 /* Sources */,
				6328073A2A305CEE0033F9D7 /* Frameworks */,
				6328073B2A305CEE0033F9D7 /* Resources */,
				A3B7099B8FEB5F6286DF6016 /* [CP] Embed Pods Frameworks */,
			);
			buildRules = (
			);
			dependencies = (
				6328073F2A305CEE0033F9D7 /* PBXTargetDependency */,
			);
			name = SecondHandUITests;
			productName = SecondHandUITests;
			productReference = 6328073D2A305CEE0033F9D7 /* SecondHandUITests.xctest */;
			productType = "com.apple.product-type.bundle.ui-testing";
		};
/* End PBXNativeTarget section */

/* Begin PBXProject section */
		632807152A305CED0033F9D7 /* Project object */ = {
			isa = PBXProject;
			attributes = {
				BuildIndependentTargetsInParallel = 1;
				LastSwiftUpdateCheck = 1430;
				LastUpgradeCheck = 1430;
				TargetAttributes = {
					6328071C2A305CED0033F9D7 = {
						CreatedOnToolsVersion = 14.3;
					};
					632807322A305CED0033F9D7 = {
						CreatedOnToolsVersion = 14.3;
						TestTargetID = 6328071C2A305CED0033F9D7;
					};
					6328073C2A305CEE0033F9D7 = {
						CreatedOnToolsVersion = 14.3;
						TestTargetID = 6328071C2A305CED0033F9D7;
					};
				};
			};
			buildConfigurationList = 632807182A305CED0033F9D7 /* Build configuration list for PBXProject "SecondHand" */;
			compatibilityVersion = "Xcode 14.0";
			developmentRegion = en;
			hasScannedForEncodings = 0;
			knownRegions = (
				en,
				Base,
			);
			mainGroup = 632807142A305CED0033F9D7;
			productRefGroup = 6328071E2A305CED0033F9D7 /* Products */;
			projectDirPath = "";
			projectReferences = (
				{
					ProductGroup = 63A3FCC52A3709AA00361FAD /* Products */;
					ProjectRef = 63A3FCC42A3709AA00361FAD /* Pods.xcodeproj */;
				},
			);
			projectRoot = "";
			targets = (
				6328071C2A305CED0033F9D7 /* SecondHand */,
				632807322A305CED0033F9D7 /* SecondHandTests */,
				6328073C2A305CEE0033F9D7 /* SecondHandUITests */,
			);
		};
/* End PBXProject section */

/* Begin PBXReferenceProxy section */
		630A7C092A3AE20300B96A7F /* Pods-SecondHand-SecondHandTests */ = {
			isa = PBXReferenceProxy;
			fileType = wrapper.framework;
			name = "Pods-SecondHand-SecondHandTests";
			path = Pods_SecondHand_SecondHandTests.framework;
			remoteRef = 630A7C082A3AE20300B96A7F /* PBXContainerItemProxy */;
			sourceTree = BUILT_PRODUCTS_DIR;
		};
		63A3FCD62A373F6900361FAD /* Pods-SecondHand */ = {
			isa = PBXReferenceProxy;
			fileType = wrapper.framework;
			name = "Pods-SecondHand";
			path = Pods_SecondHand.framework;
			remoteRef = 63A3FCD52A373F6900361FAD /* PBXContainerItemProxy */;
			sourceTree = BUILT_PRODUCTS_DIR;
		};
		63A3FCD82A373F6900361FAD /* Pods-SecondHand-SecondHandUITests */ = {
			isa = PBXReferenceProxy;
			fileType = wrapper.framework;
			name = "Pods-SecondHand-SecondHandUITests";
			path = Pods_SecondHand_SecondHandUITests.framework;
			remoteRef = 63A3FCD72A373F6900361FAD /* PBXContainerItemProxy */;
			sourceTree = BUILT_PRODUCTS_DIR;
		};
		63A3FCDC2A373F6900361FAD /* Toaster */ = {
			isa = PBXReferenceProxy;
			fileType = wrapper.framework;
			name = Toaster;
			path = Toaster.framework;
			remoteRef = 63A3FCDB2A373F6900361FAD /* PBXContainerItemProxy */;
			sourceTree = BUILT_PRODUCTS_DIR;
		};
/* End PBXReferenceProxy section */

/* Begin PBXResourcesBuildPhase section */
		6328071B2A305CED0033F9D7 /* Resources */ = {
			isa = PBXResourcesBuildPhase;
			buildActionMask = 2147483647;
			files = (
				632807512A316B790033F9D7 /* .swiftlint.yml in Resources */,
				6328072D2A305CED0033F9D7 /* LaunchScreen.storyboard in Resources */,
				6328072A2A305CED0033F9D7 /* Assets.xcassets in Resources */,
			);
			runOnlyForDeploymentPostprocessing = 0;
		};
		632807312A305CED0033F9D7 /* Resources */ = {
			isa = PBXResourcesBuildPhase;
			buildActionMask = 2147483647;
			files = (
			);
			runOnlyForDeploymentPostprocessing = 0;
		};
		6328073B2A305CEE0033F9D7 /* Resources */ = {
			isa = PBXResourcesBuildPhase;
			buildActionMask = 2147483647;
			files = (
			);
			runOnlyForDeploymentPostprocessing = 0;
		};
/* End PBXResourcesBuildPhase section */

/* Begin PBXShellScriptBuildPhase section */
		42A8605971E2AC65979D09A0 /* [CP] Embed Pods Frameworks */ = {
			isa = PBXShellScriptBuildPhase;
			buildActionMask = 2147483647;
			files = (
			);
			inputFileListPaths = (
				"${PODS_ROOT}/Target Support Files/Pods-SecondHand/Pods-SecondHand-frameworks-${CONFIGURATION}-input-files.xcfilelist",
			);
			name = "[CP] Embed Pods Frameworks";
			outputFileListPaths = (
				"${PODS_ROOT}/Target Support Files/Pods-SecondHand/Pods-SecondHand-frameworks-${CONFIGURATION}-output-files.xcfilelist",
			);
			runOnlyForDeploymentPostprocessing = 0;
			shellPath = /bin/sh;
			shellScript = "\"${PODS_ROOT}/Target Support Files/Pods-SecondHand/Pods-SecondHand-frameworks.sh\"\n";
			showEnvVarsInLog = 0;
		};
		632807522A316BE80033F9D7 /* SwiftLint */ = {
			isa = PBXShellScriptBuildPhase;
			alwaysOutOfDate = 1;
			buildActionMask = 2147483647;
			files = (
			);
			inputFileListPaths = (
			);
			inputPaths = (
			);
			name = SwiftLint;
			outputFileListPaths = (
			);
			outputPaths = (
			);
			runOnlyForDeploymentPostprocessing = 0;
			shellPath = /bin/sh;
			shellScript = "${PODS_ROOT}/SwiftLint/swiftlint\n";
		};
		72A7EB3A10D62F750627BA95 /* [CP] Check Pods Manifest.lock */ = {
			isa = PBXShellScriptBuildPhase;
			buildActionMask = 2147483647;
			files = (
			);
			inputFileListPaths = (
			);
			inputPaths = (
				"${PODS_PODFILE_DIR_PATH}/Podfile.lock",
				"${PODS_ROOT}/Manifest.lock",
			);
			name = "[CP] Check Pods Manifest.lock";
			outputFileListPaths = (
			);
			outputPaths = (
				"$(DERIVED_FILE_DIR)/Pods-SecondHand-SecondHandTests-checkManifestLockResult.txt",
			);
			runOnlyForDeploymentPostprocessing = 0;
			shellPath = /bin/sh;
			shellScript = "diff \"${PODS_PODFILE_DIR_PATH}/Podfile.lock\" \"${PODS_ROOT}/Manifest.lock\" > /dev/null\nif [ $? != 0 ] ; then\n    # print error to STDERR\n    echo \"error: The sandbox is not in sync with the Podfile.lock. Run 'pod install' or update your CocoaPods installation.\" >&2\n    exit 1\nfi\n# This output is used by Xcode 'outputs' to avoid re-running this script phase.\necho \"SUCCESS\" > \"${SCRIPT_OUTPUT_FILE_0}\"\n";
			showEnvVarsInLog = 0;
		};
		9242B8C21F8878A3D84FE30C /* [CP] Check Pods Manifest.lock */ = {
			isa = PBXShellScriptBuildPhase;
			buildActionMask = 2147483647;
			files = (
			);
			inputFileListPaths = (
			);
			inputPaths = (
				"${PODS_PODFILE_DIR_PATH}/Podfile.lock",
				"${PODS_ROOT}/Manifest.lock",
			);
			name = "[CP] Check Pods Manifest.lock";
			outputFileListPaths = (
			);
			outputPaths = (
				"$(DERIVED_FILE_DIR)/Pods-SecondHand-checkManifestLockResult.txt",
			);
			runOnlyForDeploymentPostprocessing = 0;
			shellPath = /bin/sh;
			shellScript = "diff \"${PODS_PODFILE_DIR_PATH}/Podfile.lock\" \"${PODS_ROOT}/Manifest.lock\" > /dev/null\nif [ $? != 0 ] ; then\n    # print error to STDERR\n    echo \"error: The sandbox is not in sync with the Podfile.lock. Run 'pod install' or update your CocoaPods installation.\" >&2\n    exit 1\nfi\n# This output is used by Xcode 'outputs' to avoid re-running this script phase.\necho \"SUCCESS\" > \"${SCRIPT_OUTPUT_FILE_0}\"\n";
			showEnvVarsInLog = 0;
		};
		A3B7099B8FEB5F6286DF6016 /* [CP] Embed Pods Frameworks */ = {
			isa = PBXShellScriptBuildPhase;
			buildActionMask = 2147483647;
			files = (
			);
			inputFileListPaths = (
				"${PODS_ROOT}/Target Support Files/Pods-SecondHand-SecondHandUITests/Pods-SecondHand-SecondHandUITests-frameworks-${CONFIGURATION}-input-files.xcfilelist",
			);
			name = "[CP] Embed Pods Frameworks";
			outputFileListPaths = (
				"${PODS_ROOT}/Target Support Files/Pods-SecondHand-SecondHandUITests/Pods-SecondHand-SecondHandUITests-frameworks-${CONFIGURATION}-output-files.xcfilelist",
			);
			runOnlyForDeploymentPostprocessing = 0;
			shellPath = /bin/sh;
			shellScript = "\"${PODS_ROOT}/Target Support Files/Pods-SecondHand-SecondHandUITests/Pods-SecondHand-SecondHandUITests-frameworks.sh\"\n";
			showEnvVarsInLog = 0;
		};
		A9D3F7433769DD757E0651E0 /* [CP] Check Pods Manifest.lock */ = {
			isa = PBXShellScriptBuildPhase;
			buildActionMask = 2147483647;
			files = (
			);
			inputFileListPaths = (
			);
			inputPaths = (
				"${PODS_PODFILE_DIR_PATH}/Podfile.lock",
				"${PODS_ROOT}/Manifest.lock",
			);
			name = "[CP] Check Pods Manifest.lock";
			outputFileListPaths = (
			);
			outputPaths = (
				"$(DERIVED_FILE_DIR)/Pods-SecondHand-SecondHandUITests-checkManifestLockResult.txt",
			);
			runOnlyForDeploymentPostprocessing = 0;
			shellPath = /bin/sh;
			shellScript = "diff \"${PODS_PODFILE_DIR_PATH}/Podfile.lock\" \"${PODS_ROOT}/Manifest.lock\" > /dev/null\nif [ $? != 0 ] ; then\n    # print error to STDERR\n    echo \"error: The sandbox is not in sync with the Podfile.lock. Run 'pod install' or update your CocoaPods installation.\" >&2\n    exit 1\nfi\n# This output is used by Xcode 'outputs' to avoid re-running this script phase.\necho \"SUCCESS\" > \"${SCRIPT_OUTPUT_FILE_0}\"\n";
			showEnvVarsInLog = 0;
		};
		F03622E2C404D76FE0EFACBF /* [CP] Embed Pods Frameworks */ = {
			isa = PBXShellScriptBuildPhase;
			buildActionMask = 2147483647;
			files = (
			);
			inputFileListPaths = (
				"${PODS_ROOT}/Target Support Files/Pods-SecondHand-SecondHandTests/Pods-SecondHand-SecondHandTests-frameworks-${CONFIGURATION}-input-files.xcfilelist",
			);
			name = "[CP] Embed Pods Frameworks";
			outputFileListPaths = (
				"${PODS_ROOT}/Target Support Files/Pods-SecondHand-SecondHandTests/Pods-SecondHand-SecondHandTests-frameworks-${CONFIGURATION}-output-files.xcfilelist",
			);
			runOnlyForDeploymentPostprocessing = 0;
			shellPath = /bin/sh;
			shellScript = "\"${PODS_ROOT}/Target Support Files/Pods-SecondHand-SecondHandTests/Pods-SecondHand-SecondHandTests-frameworks.sh\"\n";
			showEnvVarsInLog = 0;
		};
/* End PBXShellScriptBuildPhase section */

/* Begin PBXSourcesBuildPhase section */
		632807192A305CED0033F9D7 /* Sources */ = {
			isa = PBXSourcesBuildPhase;
			buildActionMask = 2147483647;
			files = (
				FFD62C222A3C1BBF0014D2D4 /* TimeLabel.swift in Sources */,
				FFD62C252A3C1BBF0014D2D4 /* PriceLabel.swift in Sources */,
				63129C9A2A4145B00049EC0C /* LoginViewController.swift in Sources */,
				FFD62C262A3C1BBF0014D2D4 /* LeadingIconLabel.swift in Sources */,
				6320476C2A440B290035880A /* LoginButtonGroupView.swift in Sources */,
				FFD62C242A3C1BBF0014D2D4 /* LocationLabel.swift in Sources */,
				FF61AD2E2A36FB68006AE167 /* ItemListTableViewCell.swift in Sources */,
				FF61AD292A36F294006AE167 /* ItemListViewController.swift in Sources */,
				FFD62C2F2A3C1E260014D2D4 /* Typography.swift in Sources */,
				FF61AD4F2A3A9008006AE167 /* IssueListItem.swift in Sources */,
				63A3FCDE2A3740C800361FAD /* SellerInfo.swift in Sources */,
				632807212A305CED0033F9D7 /* AppDelegate.swift in Sources */,
				FF61AD2B2A36F2E1006AE167 /* TabBarType.swift in Sources */,
				FF61AD272A36F24D006AE167 /* TabBarController.swift in Sources */,
				632807232A305CED0033F9D7 /* SceneDelegate.swift in Sources */,
				FFD62C212A3C1BBF0014D2D4 /* CapsuleLabel.swift in Sources */,
				632047602A42F28F0035880A /* AccountInputView.swift in Sources */,
				632047732A4411AC0035880A /* AccountButtonUIFactory.swift in Sources */,
				FF54649B2A407512008519A9 /* Network.swift in Sources */,
				63A3FCE32A3968AC00361FAD /* DetailContentView.swift in Sources */,
				FFD62C232A3C1BBF0014D2D4 /* TitleLabel.swift in Sources */,
				63608CCA2A40DA46006CD876 /* UIFont+Typography.swift in Sources */,
				63A3FCE92A3983C500361FAD /* DetailViewController.swift in Sources */,
				63608CC82A40D273006CD876 /* DetailToolbar.swift in Sources */,
				FF61AD602A3BE4D9006AE167 /* ColorPalette.swift in Sources */,
				63608CBF2A4061E0006CD876 /* ProductInfo.swift in Sources */,
				632047772A4428B40035880A /* LoginButtonGroupView+addAction.swift in Sources */,
				63608CC62A407FB8006CD876 /* CommunicationInfo.swift in Sources */,
			);
			runOnlyForDeploymentPostprocessing = 0;
		};
		6328072F2A305CED0033F9D7 /* Sources */ = {
			isa = PBXSourcesBuildPhase;
			buildActionMask = 2147483647;
			files = (
				632807382A305CED0033F9D7 /* SecondHandTests.swift in Sources */,
			);
			runOnlyForDeploymentPostprocessing = 0;
		};
		632807392A305CEE0033F9D7 /* Sources */ = {
			isa = PBXSourcesBuildPhase;
			buildActionMask = 2147483647;
			files = (
				632807422A305CEE0033F9D7 /* SecondHandUITests.swift in Sources */,
				632807442A305CEE0033F9D7 /* SecondHandUITestsLaunchTests.swift in Sources */,
			);
			runOnlyForDeploymentPostprocessing = 0;
		};
/* End PBXSourcesBuildPhase section */

/* Begin PBXTargetDependency section */
		632807352A305CED0033F9D7 /* PBXTargetDependency */ = {
			isa = PBXTargetDependency;
			target = 6328071C2A305CED0033F9D7 /* SecondHand */;
			targetProxy = 632807342A305CED0033F9D7 /* PBXContainerItemProxy */;
		};
		6328073F2A305CEE0033F9D7 /* PBXTargetDependency */ = {
			isa = PBXTargetDependency;
			target = 6328071C2A305CED0033F9D7 /* SecondHand */;
			targetProxy = 6328073E2A305CEE0033F9D7 /* PBXContainerItemProxy */;
		};
/* End PBXTargetDependency section */

/* Begin PBXVariantGroup section */
		6328072B2A305CED0033F9D7 /* LaunchScreen.storyboard */ = {
			isa = PBXVariantGroup;
			children = (
				6328072C2A305CED0033F9D7 /* Base */,
			);
			name = LaunchScreen.storyboard;
			sourceTree = "<group>";
		};
/* End PBXVariantGroup section */

/* Begin XCBuildConfiguration section */
		632807452A305CEE0033F9D7 /* Debug */ = {
			isa = XCBuildConfiguration;
			buildSettings = {
				ALWAYS_SEARCH_USER_PATHS = NO;
				CLANG_ANALYZER_NONNULL = YES;
				CLANG_ANALYZER_NUMBER_OBJECT_CONVERSION = YES_AGGRESSIVE;
				CLANG_CXX_LANGUAGE_STANDARD = "gnu++20";
				CLANG_ENABLE_MODULES = YES;
				CLANG_ENABLE_OBJC_ARC = YES;
				CLANG_ENABLE_OBJC_WEAK = YES;
				CLANG_WARN_BLOCK_CAPTURE_AUTORELEASING = YES;
				CLANG_WARN_BOOL_CONVERSION = YES;
				CLANG_WARN_COMMA = YES;
				CLANG_WARN_CONSTANT_CONVERSION = YES;
				CLANG_WARN_DEPRECATED_OBJC_IMPLEMENTATIONS = YES;
				CLANG_WARN_DIRECT_OBJC_ISA_USAGE = YES_ERROR;
				CLANG_WARN_DOCUMENTATION_COMMENTS = YES;
				CLANG_WARN_EMPTY_BODY = YES;
				CLANG_WARN_ENUM_CONVERSION = YES;
				CLANG_WARN_INFINITE_RECURSION = YES;
				CLANG_WARN_INT_CONVERSION = YES;
				CLANG_WARN_NON_LITERAL_NULL_CONVERSION = YES;
				CLANG_WARN_OBJC_IMPLICIT_RETAIN_SELF = YES;
				CLANG_WARN_OBJC_LITERAL_CONVERSION = YES;
				CLANG_WARN_OBJC_ROOT_CLASS = YES_ERROR;
				CLANG_WARN_QUOTED_INCLUDE_IN_FRAMEWORK_HEADER = YES;
				CLANG_WARN_RANGE_LOOP_ANALYSIS = YES;
				CLANG_WARN_STRICT_PROTOTYPES = YES;
				CLANG_WARN_SUSPICIOUS_MOVE = YES;
				CLANG_WARN_UNGUARDED_AVAILABILITY = YES_AGGRESSIVE;
				CLANG_WARN_UNREACHABLE_CODE = YES;
				CLANG_WARN__DUPLICATE_METHOD_MATCH = YES;
				COPY_PHASE_STRIP = NO;
				DEBUG_INFORMATION_FORMAT = dwarf;
				ENABLE_STRICT_OBJC_MSGSEND = YES;
				ENABLE_TESTABILITY = YES;
				GCC_C_LANGUAGE_STANDARD = gnu11;
				GCC_DYNAMIC_NO_PIC = NO;
				GCC_NO_COMMON_BLOCKS = YES;
				GCC_OPTIMIZATION_LEVEL = 0;
				GCC_PREPROCESSOR_DEFINITIONS = (
					"DEBUG=1",
					"$(inherited)",
				);
				GCC_WARN_64_TO_32_BIT_CONVERSION = YES;
				GCC_WARN_ABOUT_RETURN_TYPE = YES_ERROR;
				GCC_WARN_UNDECLARED_SELECTOR = YES;
				GCC_WARN_UNINITIALIZED_AUTOS = YES_AGGRESSIVE;
				GCC_WARN_UNUSED_FUNCTION = YES;
				GCC_WARN_UNUSED_VARIABLE = YES;
				IPHONEOS_DEPLOYMENT_TARGET = 16.4;
				MTL_ENABLE_DEBUG_INFO = INCLUDE_SOURCE;
				MTL_FAST_MATH = YES;
				ONLY_ACTIVE_ARCH = YES;
				SDKROOT = iphoneos;
				SWIFT_ACTIVE_COMPILATION_CONDITIONS = DEBUG;
				SWIFT_OPTIMIZATION_LEVEL = "-Onone";
			};
			name = Debug;
		};
		632807462A305CEE0033F9D7 /* Release */ = {
			isa = XCBuildConfiguration;
			buildSettings = {
				ALWAYS_SEARCH_USER_PATHS = NO;
				CLANG_ANALYZER_NONNULL = YES;
				CLANG_ANALYZER_NUMBER_OBJECT_CONVERSION = YES_AGGRESSIVE;
				CLANG_CXX_LANGUAGE_STANDARD = "gnu++20";
				CLANG_ENABLE_MODULES = YES;
				CLANG_ENABLE_OBJC_ARC = YES;
				CLANG_ENABLE_OBJC_WEAK = YES;
				CLANG_WARN_BLOCK_CAPTURE_AUTORELEASING = YES;
				CLANG_WARN_BOOL_CONVERSION = YES;
				CLANG_WARN_COMMA = YES;
				CLANG_WARN_CONSTANT_CONVERSION = YES;
				CLANG_WARN_DEPRECATED_OBJC_IMPLEMENTATIONS = YES;
				CLANG_WARN_DIRECT_OBJC_ISA_USAGE = YES_ERROR;
				CLANG_WARN_DOCUMENTATION_COMMENTS = YES;
				CLANG_WARN_EMPTY_BODY = YES;
				CLANG_WARN_ENUM_CONVERSION = YES;
				CLANG_WARN_INFINITE_RECURSION = YES;
				CLANG_WARN_INT_CONVERSION = YES;
				CLANG_WARN_NON_LITERAL_NULL_CONVERSION = YES;
				CLANG_WARN_OBJC_IMPLICIT_RETAIN_SELF = YES;
				CLANG_WARN_OBJC_LITERAL_CONVERSION = YES;
				CLANG_WARN_OBJC_ROOT_CLASS = YES_ERROR;
				CLANG_WARN_QUOTED_INCLUDE_IN_FRAMEWORK_HEADER = YES;
				CLANG_WARN_RANGE_LOOP_ANALYSIS = YES;
				CLANG_WARN_STRICT_PROTOTYPES = YES;
				CLANG_WARN_SUSPICIOUS_MOVE = YES;
				CLANG_WARN_UNGUARDED_AVAILABILITY = YES_AGGRESSIVE;
				CLANG_WARN_UNREACHABLE_CODE = YES;
				CLANG_WARN__DUPLICATE_METHOD_MATCH = YES;
				COPY_PHASE_STRIP = NO;
				DEBUG_INFORMATION_FORMAT = "dwarf-with-dsym";
				ENABLE_NS_ASSERTIONS = NO;
				ENABLE_STRICT_OBJC_MSGSEND = YES;
				GCC_C_LANGUAGE_STANDARD = gnu11;
				GCC_NO_COMMON_BLOCKS = YES;
				GCC_WARN_64_TO_32_BIT_CONVERSION = YES;
				GCC_WARN_ABOUT_RETURN_TYPE = YES_ERROR;
				GCC_WARN_UNDECLARED_SELECTOR = YES;
				GCC_WARN_UNINITIALIZED_AUTOS = YES_AGGRESSIVE;
				GCC_WARN_UNUSED_FUNCTION = YES;
				GCC_WARN_UNUSED_VARIABLE = YES;
				IPHONEOS_DEPLOYMENT_TARGET = 16.4;
				MTL_ENABLE_DEBUG_INFO = NO;
				MTL_FAST_MATH = YES;
				SDKROOT = iphoneos;
				SWIFT_COMPILATION_MODE = wholemodule;
				SWIFT_OPTIMIZATION_LEVEL = "-O";
				VALIDATE_PRODUCT = YES;
			};
			name = Release;
		};
		632807482A305CEE0033F9D7 /* Debug */ = {
			isa = XCBuildConfiguration;
			baseConfigurationReference = 9E2202594970CBBCDCA83F02 /* Pods-SecondHand.debug.xcconfig */;
			buildSettings = {
				ASSETCATALOG_COMPILER_APPICON_NAME = AppIcon;
				ASSETCATALOG_COMPILER_GLOBAL_ACCENT_COLOR_NAME = AccentColor;
				CODE_SIGN_STYLE = Automatic;
				CURRENT_PROJECT_VERSION = 1;
				DEVELOPMENT_TEAM = B3PWYBKFUK;
				GENERATE_INFOPLIST_FILE = YES;
				INFOPLIST_FILE = SecondHand/Info.plist;
				INFOPLIST_KEY_UIApplicationSupportsIndirectInputEvents = YES;
				INFOPLIST_KEY_UILaunchStoryboardName = LaunchScreen;
				INFOPLIST_KEY_UISupportedInterfaceOrientations_iPad = "UIInterfaceOrientationPortrait UIInterfaceOrientationPortraitUpsideDown UIInterfaceOrientationLandscapeLeft UIInterfaceOrientationLandscapeRight";
				INFOPLIST_KEY_UISupportedInterfaceOrientations_iPhone = "UIInterfaceOrientationPortrait UIInterfaceOrientationLandscapeLeft UIInterfaceOrientationLandscapeRight";
				IPHONEOS_DEPLOYMENT_TARGET = 16.0;
				LD_RUNPATH_SEARCH_PATHS = (
					"$(inherited)",
					"@executable_path/Frameworks",
				);
				MARKETING_VERSION = 1.0;
				PRODUCT_BUNDLE_IDENTIFIER = team01.SecondHand;
				PRODUCT_NAME = "$(TARGET_NAME)";
				SWIFT_EMIT_LOC_STRINGS = YES;
				SWIFT_VERSION = 5.0;
				TARGETED_DEVICE_FAMILY = "1,2";
			};
			name = Debug;
		};
		632807492A305CEE0033F9D7 /* Release */ = {
			isa = XCBuildConfiguration;
			baseConfigurationReference = 11DB4CAF35C01E3C5CDB3B42 /* Pods-SecondHand.release.xcconfig */;
			buildSettings = {
				ASSETCATALOG_COMPILER_APPICON_NAME = AppIcon;
				ASSETCATALOG_COMPILER_GLOBAL_ACCENT_COLOR_NAME = AccentColor;
				CODE_SIGN_STYLE = Automatic;
				CURRENT_PROJECT_VERSION = 1;
				DEVELOPMENT_TEAM = B3PWYBKFUK;
				GENERATE_INFOPLIST_FILE = YES;
				INFOPLIST_FILE = SecondHand/Info.plist;
				INFOPLIST_KEY_UIApplicationSupportsIndirectInputEvents = YES;
				INFOPLIST_KEY_UILaunchStoryboardName = LaunchScreen;
				INFOPLIST_KEY_UISupportedInterfaceOrientations_iPad = "UIInterfaceOrientationPortrait UIInterfaceOrientationPortraitUpsideDown UIInterfaceOrientationLandscapeLeft UIInterfaceOrientationLandscapeRight";
				INFOPLIST_KEY_UISupportedInterfaceOrientations_iPhone = "UIInterfaceOrientationPortrait UIInterfaceOrientationLandscapeLeft UIInterfaceOrientationLandscapeRight";
				IPHONEOS_DEPLOYMENT_TARGET = 16.0;
				LD_RUNPATH_SEARCH_PATHS = (
					"$(inherited)",
					"@executable_path/Frameworks",
				);
				MARKETING_VERSION = 1.0;
				PRODUCT_BUNDLE_IDENTIFIER = team01.SecondHand;
				PRODUCT_NAME = "$(TARGET_NAME)";
				SWIFT_EMIT_LOC_STRINGS = YES;
				SWIFT_VERSION = 5.0;
				TARGETED_DEVICE_FAMILY = "1,2";
			};
			name = Release;
		};
		6328074B2A305CEE0033F9D7 /* Debug */ = {
			isa = XCBuildConfiguration;
			baseConfigurationReference = 7BBC168B359196656872910D /* Pods-SecondHand-SecondHandTests.debug.xcconfig */;
			buildSettings = {
				ALWAYS_EMBED_SWIFT_STANDARD_LIBRARIES = YES;
				BUNDLE_LOADER = "$(TEST_HOST)";
				CODE_SIGN_STYLE = Automatic;
				CURRENT_PROJECT_VERSION = 1;
				DEVELOPMENT_TEAM = B3PWYBKFUK;
				GENERATE_INFOPLIST_FILE = YES;
				IPHONEOS_DEPLOYMENT_TARGET = 16.4;
				MARKETING_VERSION = 1.0;
				PRODUCT_BUNDLE_IDENTIFIER = team01.SecondHandTests;
				PRODUCT_NAME = "$(TARGET_NAME)";
				SWIFT_EMIT_LOC_STRINGS = NO;
				SWIFT_VERSION = 5.0;
				TARGETED_DEVICE_FAMILY = "1,2";
				TEST_HOST = "$(BUILT_PRODUCTS_DIR)/SecondHand.app/$(BUNDLE_EXECUTABLE_FOLDER_PATH)/SecondHand";
			};
			name = Debug;
		};
		6328074C2A305CEE0033F9D7 /* Release */ = {
			isa = XCBuildConfiguration;
			baseConfigurationReference = 5C080CDDECA0178F002D21F4 /* Pods-SecondHand-SecondHandTests.release.xcconfig */;
			buildSettings = {
				ALWAYS_EMBED_SWIFT_STANDARD_LIBRARIES = YES;
				BUNDLE_LOADER = "$(TEST_HOST)";
				CODE_SIGN_STYLE = Automatic;
				CURRENT_PROJECT_VERSION = 1;
				DEVELOPMENT_TEAM = B3PWYBKFUK;
				GENERATE_INFOPLIST_FILE = YES;
				IPHONEOS_DEPLOYMENT_TARGET = 16.4;
				MARKETING_VERSION = 1.0;
				PRODUCT_BUNDLE_IDENTIFIER = team01.SecondHandTests;
				PRODUCT_NAME = "$(TARGET_NAME)";
				SWIFT_EMIT_LOC_STRINGS = NO;
				SWIFT_VERSION = 5.0;
				TARGETED_DEVICE_FAMILY = "1,2";
				TEST_HOST = "$(BUILT_PRODUCTS_DIR)/SecondHand.app/$(BUNDLE_EXECUTABLE_FOLDER_PATH)/SecondHand";
			};
			name = Release;
		};
		6328074E2A305CEE0033F9D7 /* Debug */ = {
			isa = XCBuildConfiguration;
			baseConfigurationReference = 15D03670B7FED72649C8C6CB /* Pods-SecondHand-SecondHandUITests.debug.xcconfig */;
			buildSettings = {
				ALWAYS_EMBED_SWIFT_STANDARD_LIBRARIES = YES;
				CODE_SIGN_STYLE = Automatic;
				CURRENT_PROJECT_VERSION = 1;
				DEVELOPMENT_TEAM = B3PWYBKFUK;
				GENERATE_INFOPLIST_FILE = YES;
				MARKETING_VERSION = 1.0;
				PRODUCT_BUNDLE_IDENTIFIER = team01.SecondHandUITests;
				PRODUCT_NAME = "$(TARGET_NAME)";
				SWIFT_EMIT_LOC_STRINGS = NO;
				SWIFT_VERSION = 5.0;
				TARGETED_DEVICE_FAMILY = "1,2";
				TEST_TARGET_NAME = SecondHand;
			};
			name = Debug;
		};
		6328074F2A305CEE0033F9D7 /* Release */ = {
			isa = XCBuildConfiguration;
			baseConfigurationReference = 41D33513EE98C550E16692F4 /* Pods-SecondHand-SecondHandUITests.release.xcconfig */;
			buildSettings = {
				ALWAYS_EMBED_SWIFT_STANDARD_LIBRARIES = YES;
				CODE_SIGN_STYLE = Automatic;
				CURRENT_PROJECT_VERSION = 1;
				DEVELOPMENT_TEAM = B3PWYBKFUK;
				GENERATE_INFOPLIST_FILE = YES;
				MARKETING_VERSION = 1.0;
				PRODUCT_BUNDLE_IDENTIFIER = team01.SecondHandUITests;
				PRODUCT_NAME = "$(TARGET_NAME)";
				SWIFT_EMIT_LOC_STRINGS = NO;
				SWIFT_VERSION = 5.0;
				TARGETED_DEVICE_FAMILY = "1,2";
				TEST_TARGET_NAME = SecondHand;
			};
			name = Release;
		};
/* End XCBuildConfiguration section */

/* Begin XCConfigurationList section */
		632807182A305CED0033F9D7 /* Build configuration list for PBXProject "SecondHand" */ = {
			isa = XCConfigurationList;
			buildConfigurations = (
				632807452A305CEE0033F9D7 /* Debug */,
				632807462A305CEE0033F9D7 /* Release */,
			);
			defaultConfigurationIsVisible = 0;
			defaultConfigurationName = Release;
		};
		632807472A305CEE0033F9D7 /* Build configuration list for PBXNativeTarget "SecondHand" */ = {
			isa = XCConfigurationList;
			buildConfigurations = (
				632807482A305CEE0033F9D7 /* Debug */,
				632807492A305CEE0033F9D7 /* Release */,
			);
			defaultConfigurationIsVisible = 0;
			defaultConfigurationName = Release;
		};
		6328074A2A305CEE0033F9D7 /* Build configuration list for PBXNativeTarget "SecondHandTests" */ = {
			isa = XCConfigurationList;
			buildConfigurations = (
				6328074B2A305CEE0033F9D7 /* Debug */,
				6328074C2A305CEE0033F9D7 /* Release */,
			);
			defaultConfigurationIsVisible = 0;
			defaultConfigurationName = Release;
		};
		6328074D2A305CEE0033F9D7 /* Build configuration list for PBXNativeTarget "SecondHandUITests" */ = {
			isa = XCConfigurationList;
			buildConfigurations = (
				6328074E2A305CEE0033F9D7 /* Debug */,
				6328074F2A305CEE0033F9D7 /* Release */,
			);
			defaultConfigurationIsVisible = 0;
			defaultConfigurationName = Release;
		};
/* End XCConfigurationList section */
	};
	rootObject = 632807152A305CED0033F9D7 /* Project object */;
}
